// !$*UTF8*$!
{
	archiveVersion = 1;
	classes = {
	};
	objectVersion = 55;
	objects = {

/* Begin PBXBuildFile section */
		7FC644C827D2FBEB00B212EA /* SortingGameApp.swift in Sources */ = {isa = PBXBuildFile; fileRef = 7FC644C727D2FBEB00B212EA /* SortingGameApp.swift */; };
		7FC644CA27D2FBEB00B212EA /* ContentView.swift in Sources */ = {isa = PBXBuildFile; fileRef = 7FC644C927D2FBEB00B212EA /* ContentView.swift */; };
		7FC644CC27D2FBEF00B212EA /* Assets.xcassets in Resources */ = {isa = PBXBuildFile; fileRef = 7FC644CB27D2FBEF00B212EA /* Assets.xcassets */; };
		7FC644CF27D2FBF000B212EA /* Preview Assets.xcassets in Resources */ = {isa = PBXBuildFile; fileRef = 7FC644CE27D2FBF000B212EA /* Preview Assets.xcassets */; };
		7FC644D627D2FDE200B212EA /* HistoryView.swift in Sources */ = {isa = PBXBuildFile; fileRef = 7FC644D527D2FDE200B212EA /* HistoryView.swift */; };
		7FC644DA27D2FE7800B212EA /* Quiz.swift in Sources */ = {isa = PBXBuildFile; fileRef = 7FC644D927D2FE7800B212EA /* Quiz.swift */; };
		7FC644DC27D3064700B212EA /* Status.swift in Sources */ = {isa = PBXBuildFile; fileRef = 7FC644DB27D3064700B212EA /* Status.swift */; };
		7FC644DE27D32E0D00B212EA /* Bin.swift in Sources */ = {isa = PBXBuildFile; fileRef = 7FC644DD27D32E0D00B212EA /* Bin.swift */; };
/* End PBXBuildFile section */

/* Begin PBXFileReference section */
		7FC644C427D2FBEB00B212EA /* SortingGame.app */ = {isa = PBXFileReference; explicitFileType = wrapper.application; includeInIndex = 0; path = SortingGame.app; sourceTree = BUILT_PRODUCTS_DIR; };
		7FC644C727D2FBEB00B212EA /* SortingGameApp.swift */ = {isa = PBXFileReference; lastKnownFileType = sourcecode.swift; path = SortingGameApp.swift; sourceTree = "<group>"; };
		7FC644C927D2FBEB00B212EA /* ContentView.swift */ = {isa = PBXFileReference; lastKnownFileType = sourcecode.swift; path = ContentView.swift; sourceTree = "<group>"; };
		7FC644CB27D2FBEF00B212EA /* Assets.xcassets */ = {isa = PBXFileReference; lastKnownFileType = folder.assetcatalog; path = Assets.xcassets; sourceTree = "<group>"; };
		7FC644CE27D2FBF000B212EA /* Preview Assets.xcassets */ = {isa = PBXFileReference; lastKnownFileType = folder.assetcatalog; path = "Preview Assets.xcassets"; sourceTree = "<group>"; };
		7FC644D527D2FDE200B212EA /* HistoryView.swift */ = {isa = PBXFileReference; lastKnownFileType = sourcecode.swift; path = HistoryView.swift; sourceTree = "<group>"; };
		7FC644D927D2FE7800B212EA /* Quiz.swift */ = {isa = PBXFileReference; lastKnownFileType = sourcecode.swift; path = Quiz.swift; sourceTree = "<group>"; };
		7FC644DB27D3064700B212EA /* Status.swift */ = {isa = PBXFileReference; lastKnownFileType = sourcecode.swift; path = Status.swift; sourceTree = "<group>"; };
		7FC644DD27D32E0D00B212EA /* Bin.swift */ = {isa = PBXFileReference; lastKnownFileType = sourcecode.swift; path = Bin.swift; sourceTree = "<group>"; };
/* End PBXFileReference section */

/* Begin PBXFrameworksBuildPhase section */
		7FC644C127D2FBEB00B212EA /* Frameworks */ = {
			isa = PBXFrameworksBuildPhase;
			buildActionMask = 2147483647;
			files = (
			);
			runOnlyForDeploymentPostprocessing = 0;
		};
/* End PBXFrameworksBuildPhase section */

/* Begin PBXGroup section */
		7FC644BB27D2FBEB00B212EA = {
			isa = PBXGroup;
			children = (
				7FC644C627D2FBEB00B212EA /* SortingGame */,
				7FC644C527D2FBEB00B212EA /* Products */,
			);
			sourceTree = "<group>";
		};
		7FC644C527D2FBEB00B212EA /* Products */ = {
			isa = PBXGroup;
			children = (
				7FC644C427D2FBEB00B212EA /* SortingGame.app */,
			);
			name = Products;
			sourceTree = "<group>";
		};
		7FC644C627D2FBEB00B212EA /* SortingGame */ = {
			isa = PBXGroup;
			children = (
				7FC644C727D2FBEB00B212EA /* SortingGameApp.swift */,
				7FC644D827D2FDFD00B212EA /* Models */,
				7FC644D727D2FDEB00B212EA /* VIews */,
				7FC644CB27D2FBEF00B212EA /* Assets.xcassets */,
				7FC644CD27D2FBF000B212EA /* Preview Content */,
			);
			path = SortingGame;
			sourceTree = "<group>";
		};
		7FC644CD27D2FBF000B212EA /* Preview Content */ = {
			isa = PBXGroup;
			children = (
				7FC644CE27D2FBF000B212EA /* Preview Assets.xcassets */,
			);
			path = "Preview Content";
			sourceTree = "<group>";
		};
		7FC644D727D2FDEB00B212EA /* VIews */ = {
			isa = PBXGroup;
			children = (
				7FC644C927D2FBEB00B212EA /* ContentView.swift */,
				7FC644D527D2FDE200B212EA /* HistoryView.swift */,
			);
			path = VIews;
			sourceTree = "<group>";
		};
		7FC644D827D2FDFD00B212EA /* Models */ = {
			isa = PBXGroup;
			children = (
				7FC644D927D2FE7800B212EA /* Quiz.swift */,
				7FC644DB27D3064700B212EA /* Status.swift */,
				7FC644DD27D32E0D00B212EA /* Bin.swift */,
			);
			path = Models;
			sourceTree = "<group>";
		};
/* End PBXGroup section */

/* Begin PBXNativeTarget section */
		7FC644C327D2FBEB00B212EA /* SortingGame */ = {
			isa = PBXNativeTarget;
			buildConfigurationList = 7FC644D227D2FBF000B212EA /* Build configuration list for PBXNativeTarget "SortingGame" */;
			buildPhases = (
				7FC644C027D2FBEB00B212EA /* Sources */,
				7FC644C127D2FBEB00B212EA /* Frameworks */,
				7FC644C227D2FBEB00B212EA /* Resources */,
			);
			buildRules = (
			);
			dependencies = (
			);
			name = SortingGame;
			productName = SortingGame;
			productReference = 7FC644C427D2FBEB00B212EA /* SortingGame.app */;
			productType = "com.apple.product-type.application";
		};
/* End PBXNativeTarget section */

/* Begin PBXProject section */
		7FC644BC27D2FBEB00B212EA /* Project object */ = {
			isa = PBXProject;
			attributes = {
				BuildIndependentTargetsInParallel = 1;
				LastSwiftUpdateCheck = 1320;
				LastUpgradeCheck = 1320;
				TargetAttributes = {
					7FC644C327D2FBEB00B212EA = {
						CreatedOnToolsVersion = 13.2.1;
					};
				};
			};
			buildConfigurationList = 7FC644BF27D2FBEB00B212EA /* Build configuration list for PBXProject "SortingGame" */;
			compatibilityVersion = "Xcode 13.0";
			developmentRegion = en;
			hasScannedForEncodings = 0;
			knownRegions = (
				en,
				Base,
			);
			mainGroup = 7FC644BB27D2FBEB00B212EA;
			productRefGroup = 7FC644C527D2FBEB00B212EA /* Products */;
			projectDirPath = "";
			projectRoot = "";
			targets = (
				7FC644C327D2FBEB00B212EA /* SortingGame */,
			);
		};
/* End PBXProject section */

/* Begin PBXResourcesBuildPhase section */
		7FC644C227D2FBEB00B212EA /* Resources */ = {
			isa = PBXResourcesBuildPhase;
			buildActionMask = 2147483647;
			files = (
				7FC644CF27D2FBF000B212EA /* Preview Assets.xcassets in Resources */,
				7FC644CC27D2FBEF00B212EA /* Assets.xcassets in Resources */,
			);
			runOnlyForDeploymentPostprocessing = 0;
		};
/* End PBXResourcesBuildPhase section */

/* Begin PBXSourcesBuildPhase section */
		7FC644C027D2FBEB00B212EA /* Sources */ = {
			isa = PBXSourcesBuildPhase;
			buildActionMask = 2147483647;
			files = (
				7FC644CA27D2FBEB00B212EA /* ContentView.swift in Sources */,
				7FC644DE27D32E0D00B212EA /* Bin.swift in Sources */,
				7FC644DC27D3064700B212EA /* Status.swift in Sources */,
				7FC644D627D2FDE200B212EA /* HistoryView.swift in Sources */,
				7FC644DA27D2FE7800B212EA /* Quiz.swift in Sources */,
				7FC644C827D2FBEB00B212EA /* SortingGameApp.swift in Sources */,
			);
			runOnlyForDeploymentPostprocessing = 0;
		};
/* End PBXSourcesBuildPhase section */

/* Begin XCBuildConfiguration section */
		7FC644D027D2FBF000B212EA /* Debug */ = {
			isa = XCBuildConfiguration;
			buildSettings = {
				ALWAYS_SEARCH_USER_PATHS = NO;
				CLANG_ANALYZER_NONNULL = YES;
				CLANG_ANALYZER_NUMBER_OBJECT_CONVERSION = YES_AGGRESSIVE;
				CLANG_CXX_LANGUAGE_STANDARD = "gnu++17";
				CLANG_CXX_LIBRARY = "libc++";
				CLANG_ENABLE_MODULES = YES;
				CLANG_ENABLE_OBJC_ARC = YES;
				CLANG_ENABLE_OBJC_WEAK = YES;
				CLANG_WARN_BLOCK_CAPTURE_AUTORELEASING = YES;
				CLANG_WARN_BOOL_CONVERSION = YES;
				CLANG_WARN_COMMA = YES;
				CLANG_WARN_CONSTANT_CONVERSION = YES;
				CLANG_WARN_DEPRECATED_OBJC_IMPLEMENTATIONS = YES;
				CLANG_WARN_DIRECT_OBJC_ISA_USAGE = YES_ERROR;
				CLANG_WARN_DOCUMENTATION_COMMENTS = YES;
				CLANG_WARN_EMPTY_BODY = YES;
				CLANG_WARN_ENUM_CONVERSION = YES;
				CLANG_WARN_INFINITE_RECURSION = YES;
				CLANG_WARN_INT_CONVERSION = YES;
				CLANG_WARN_NON_LITERAL_NULL_CONVERSION = YES;
				CLANG_WARN_OBJC_IMPLICIT_RETAIN_SELF = YES;
				CLANG_WARN_OBJC_LITERAL_CONVERSION = YES;
				CLANG_WARN_OBJC_ROOT_CLASS = YES_ERROR;
				CLANG_WARN_QUOTED_INCLUDE_IN_FRAMEWORK_HEADER = YES;
				CLANG_WARN_RANGE_LOOP_ANALYSIS = YES;
				CLANG_WARN_STRICT_PROTOTYPES = YES;
				CLANG_WARN_SUSPICIOUS_MOVE = YES;
				CLANG_WARN_UNGUARDED_AVAILABILITY = YES_AGGRESSIVE;
				CLANG_WARN_UNREACHABLE_CODE = YES;
				CLANG_WARN__DUPLICATE_METHOD_MATCH = YES;
				COPY_PHASE_STRIP = NO;
				DEBUG_INFORMATION_FORMAT = dwarf;
				ENABLE_STRICT_OBJC_MSGSEND = YES;
				ENABLE_TESTABILITY = YES;
				GCC_C_LANGUAGE_STANDARD = gnu11;
				GCC_DYNAMIC_NO_PIC = NO;
				GCC_NO_COMMON_BLOCKS = YES;
				GCC_OPTIMIZATION_LEVEL = 0;
				GCC_PREPROCESSOR_DEFINITIONS = (
					"DEBUG=1",
					"$(inherited)",
				);
				GCC_WARN_64_TO_32_BIT_CONVERSION = YES;
				GCC_WARN_ABOUT_RETURN_TYPE = YES_ERROR;
				GCC_WARN_UNDECLARED_SELECTOR = YES;
				GCC_WARN_UNINITIALIZED_AUTOS = YES_AGGRESSIVE;
				GCC_WARN_UNUSED_FUNCTION = YES;
				GCC_WARN_UNUSED_VARIABLE = YES;
				IPHONEOS_DEPLOYMENT_TARGET = 15.2;
				MTL_ENABLE_DEBUG_INFO = INCLUDE_SOURCE;
				MTL_FAST_MATH = YES;
				ONLY_ACTIVE_ARCH = YES;
				SDKROOT = iphoneos;
				SWIFT_ACTIVE_COMPILATION_CONDITIONS = DEBUG;
				SWIFT_OPTIMIZATION_LEVEL = "-Onone";
			};
			name = Debug;
		};
		7FC644D127D2FBF000B212EA /* Release */ = {
			isa = XCBuildConfiguration;
			buildSettings = {
				ALWAYS_SEARCH_USER_PATHS = NO;
				CLANG_ANALYZER_NONNULL = YES;
				CLANG_ANALYZER_NUMBER_OBJECT_CONVERSION = YES_AGGRESSIVE;
				CLANG_CXX_LANGUAGE_STANDARD = "gnu++17";
				CLANG_CXX_LIBRARY = "libc++";
				CLANG_ENABLE_MODULES = YES;
				CLANG_ENABLE_OBJC_ARC = YES;
				CLANG_ENABLE_OBJC_WEAK = YES;
				CLANG_WARN_BLOCK_CAPTURE_AUTORELEASING = YES;
				CLANG_WARN_BOOL_CONVERSION = YES;
				CLANG_WARN_COMMA = YES;
				CLANG_WARN_CONSTANT_CONVERSION = YES;
				CLANG_WARN_DEPRECATED_OBJC_IMPLEMENTATIONS = YES;
				CLANG_WARN_DIRECT_OBJC_ISA_USAGE = YES_ERROR;
				CLANG_WARN_DOCUMENTATION_COMMENTS = YES;
				CLANG_WARN_EMPTY_BODY = YES;
				CLANG_WARN_ENUM_CONVERSION = YES;
				CLANG_WARN_INFINITE_RECURSION = YES;
				CLANG_WARN_INT_CONVERSION = YES;
				CLANG_WARN_NON_LITERAL_NULL_CONVERSION = YES;
				CLANG_WARN_OBJC_IMPLICIT_RETAIN_SELF = YES;
				CLANG_WARN_OBJC_LITERAL_CONVERSION = YES;
				CLANG_WARN_OBJC_ROOT_CLASS = YES_ERROR;
				CLANG_WARN_QUOTED_INCLUDE_IN_FRAMEWORK_HEADER = YES;
				CLANG_WARN_RANGE_LOOP_ANALYSIS = YES;
				CLANG_WARN_STRICT_PROTOTYPES = YES;
				CLANG_WARN_SUSPICIOUS_MOVE = YES;
				CLANG_WARN_UNGUARDED_AVAILABILITY = YES_AGGRESSIVE;
				CLANG_WARN_UNREACHABLE_CODE = YES;
				CLANG_WARN__DUPLICATE_METHOD_MATCH = YES;
				COPY_PHASE_STRIP = NO;
				DEBUG_INFORMATION_FORMAT = "dwarf-with-dsym";
				ENABLE_NS_ASSERTIONS = NO;
				ENABLE_STRICT_OBJC_MSGSEND = YES;
				GCC_C_LANGUAGE_STANDARD = gnu11;
				GCC_NO_COMMON_BLOCKS = YES;
				GCC_WARN_64_TO_32_BIT_CONVERSION = YES;
				GCC_WARN_ABOUT_RETURN_TYPE = YES_ERROR;
				GCC_WARN_UNDECLARED_SELECTOR = YES;
				GCC_WARN_UNINITIALIZED_AUTOS = YES_AGGRESSIVE;
				GCC_WARN_UNUSED_FUNCTION = YES;
				GCC_WARN_UNUSED_VARIABLE = YES;
				IPHONEOS_DEPLOYMENT_TARGET = 15.2;
				MTL_ENABLE_DEBUG_INFO = NO;
				MTL_FAST_MATH = YES;
				SDKROOT = iphoneos;
				SWIFT_COMPILATION_MODE = wholemodule;
				SWIFT_OPTIMIZATION_LEVEL = "-O";
				VALIDATE_PRODUCT = YES;
			};
			name = Release;
		};
		7FC644D327D2FBF000B212EA /* Debug */ = {
			isa = XCBuildConfiguration;
			buildSettings = {
				ASSETCATALOG_COMPILER_APPICON_NAME = AppIcon;
				ASSETCATALOG_COMPILER_GLOBAL_ACCENT_COLOR_NAME = AccentColor;
				CODE_SIGN_STYLE = Automatic;
				CURRENT_PROJECT_VERSION = 1;
				DEVELOPMENT_ASSET_PATHS = "\"SortingGame/Preview Content\"";
				DEVELOPMENT_TEAM = 24S956KH53;
				ENABLE_PREVIEWS = YES;
				GENERATE_INFOPLIST_FILE = YES;
				INFOPLIST_KEY_UIApplicationSceneManifest_Generation = YES;
				INFOPLIST_KEY_UIApplicationSupportsIndirectInputEvents = YES;
				INFOPLIST_KEY_UILaunchScreen_Generation = YES;
				INFOPLIST_KEY_UISupportedInterfaceOrientations_iPad = "UIInterfaceOrientationPortrait UIInterfaceOrientationPortraitUpsideDown UIInterfaceOrientationLandscapeLeft UIInterfaceOrientationLandscapeRight";
				INFOPLIST_KEY_UISupportedInterfaceOrientations_iPhone = "UIInterfaceOrientationPortrait UIInterfaceOrientationLandscapeLeft UIInterfaceOrientationLandscapeRight";
				LD_RUNPATH_SEARCH_PATHS = (
					"$(inherited)",
					"@executable_path/Frameworks",
				);
				MARKETING_VERSION = 1.0;
				PRODUCT_BUNDLE_IDENTIFIER = ca.yeseokim.SortingGame;
				PRODUCT_NAME = "$(TARGET_NAME)";
				SWIFT_EMIT_LOC_STRINGS = YES;
				SWIFT_VERSION = 5.0;
				TARGETED_DEVICE_FAMILY = "1,2";
			};
			name = Debug;
		};
		7FC644D427D2FBF000B212EA /* Release */ = {
			isa = XCBuildConfiguration;
			buildSettings = {
				ASSETCATALOG_COMPILER_APPICON_NAME = AppIcon;
				ASSETCATALOG_COMPILER_GLOBAL_ACCENT_COLOR_NAME = AccentColor;
				CODE_SIGN_STYLE = Automatic;
				CURRENT_PROJECT_VERSION = 1;
				DEVELOPMENT_ASSET_PATHS = "\"SortingGame/Preview Content\"";
				DEVELOPMENT_TEAM = 24S956KH53;
				ENABLE_PREVIEWS = YES;
				GENERATE_INFOPLIST_FILE = YES;
				INFOPLIST_KEY_UIApplicationSceneManifest_Generation = YES;
				INFOPLIST_KEY_UIApplicationSupportsIndirectInputEvents = YES;
				INFOPLIST_KEY_UILaunchScreen_Generation = YES;
				INFOPLIST_KEY_UISupportedInterfaceOrientations_iPad = "UIInterfaceOrientationPortrait UIInterfaceOrientationPortraitUpsideDown UIInterfaceOrientationLandscapeLeft UIInterfaceOrientationLandscapeRight";
				INFOPLIST_KEY_UISupportedInterfaceOrientations_iPhone = "UIInterfaceOrientationPortrait UIInterfaceOrientationLandscapeLeft UIInterfaceOrientationLandscapeRight";
				LD_RUNPATH_SEARCH_PATHS = (
					"$(inherited)",
					"@executable_path/Frameworks",
				);
				MARKETING_VERSION = 1.0;
				PRODUCT_BUNDLE_IDENTIFIER = ca.yeseokim.SortingGame;
				PRODUCT_NAME = "$(TARGET_NAME)";
				SWIFT_EMIT_LOC_STRINGS = YES;
				SWIFT_VERSION = 5.0;
				TARGETED_DEVICE_FAMILY = "1,2";
			};
			name = Release;
		};
/* End XCBuildConfiguration section */

/* Begin XCConfigurationList section */
		7FC644BF27D2FBEB00B212EA /* Build configuration list for PBXProject "SortingGame" */ = {
			isa = XCConfigurationList;
			buildConfigurations = (
				7FC644D027D2FBF000B212EA /* Debug */,
				7FC644D127D2FBF000B212EA /* Release */,
			);
			defaultConfigurationIsVisible = 0;
			defaultConfigurationName = Release;
		};
		7FC644D227D2FBF000B212EA /* Build configuration list for PBXNativeTarget "SortingGame" */ = {
			isa = XCConfigurationList;
			buildConfigurations = (
				7FC644D327D2FBF000B212EA /* Debug */,
				7FC644D427D2FBF000B212EA /* Release */,
			);
			defaultConfigurationIsVisible = 0;
			defaultConfigurationName = Release;
		};
/* End XCConfigurationList section */
	};
	rootObject = 7FC644BC27D2FBEB00B212EA /* Project object */;
}
